<Solution>
  <Folder Name="/benchmarks/">
    <Project Path="benchmarks/DoNetTD.Benchmarks/DoNetTD.Benchmarks.csproj" />
  </Folder>
  <Folder Name="/examples/">
    <Project Path="examples/DoNetTD.Demo/DoNetTD.Demo.csproj" />
  </Folder>
  <Folder Name="/src/">
    <Project Path="src/DoNetTD.Extensions.Configuration/DoNetTD.Extensions.Configuration.csproj" />
    <Project Path="src/DoNetTD/DoNetTD.csproj" />
    <Project Path="src/TdcTool/TdcTool.csproj" />
  </Folder>
  <Folder Name="/tests/">
    <Project Path="tests/DoNetTD.Tests/DoNetTD.Tests.csproj" />
  </Folder>
</Solution>
